
Microsoft Visual Studio Solution File, Format Version 12.00
# Visual Studio 15
VisualStudioVersion = 15.0.28307.902
MinimumVisualStudioVersion = 10.0.40219.1
Project("{FAE04EC0-301F-11D3-BF4B-00C04F79EFBC}") = "CTFWebApp", "CTFWebApp\CTFWebApp.csproj", "{A5E495DE-B9A3-4A3A-8D56-8DB9D0202BB6}"
EndProject
Global
	GlobalSection(SolutionConfigurationPlatforms) = preSolution
		Debug|Any CPU = Debug|Any CPU
		Release|Any CPU = Release|Any CPU
	EndGlobalSection
	GlobalSection(ProjectConfigurationPlatforms) = postSolution
		{A5E495DE-B9A3-4A3A-8D56-8DB9D0202BB6}.Debug|Any CPU.ActiveCfg = Debug|Any CPU
		{A5E495DE-B9A3-4A3A-8D56-8DB9D0202BB6}.Debug|Any CPU.Build.0 = Debug|Any CPU
		{A5E495DE-B9A3-4A3A-8D56-8DB9D0202BB6}.Release|Any CPU.ActiveCfg = Release|Any CPU
		{A5E495DE-B9A3-4A3A-8D56-8DB9D0202BB6}.Release|Any CPU.Build.0 = Release|Any CPU
	EndGlobalSection
	GlobalSection(SolutionProperties) = preSolution
		HideSolutionNode = FALSE
	EndGlobalSection
	GlobalSection(ExtensibilityGlobals) = postSolution
		SolutionGuid = {C6A48BB3-3FFD-46A9-B9D7-94FB7919B94F}
	EndGlobalSection
EndGlobal
